
Microsoft Visual Studio Solution File, Format Version 12.00
# Visual Studio Version 16
VisualStudioVersion = 16.0.30804.86
MinimumVisualStudioVersion = 10.0.40219.1
Project("{9A19103F-16F7-4668-BE54-9A1E7A4F7556}") = "iSchool", "iSchool\iSchool.csproj", "{7FF81E10-73A3-4DCE-B887-41ED8DC4CB70}"
EndProject
Global
	GlobalSection(SolutionConfigurationPlatforms) = preSolution
		Debug|Any CPU = Debug|Any CPU
		Release|Any CPU = Release|Any CPU
	EndGlobalSection
	GlobalSection(ProjectConfigurationPlatforms) = postSolution
		{7FF81E10-73A3-4DCE-B887-41ED8DC4CB70}.Debug|Any CPU.ActiveCfg = Debug|Any CPU
		{7FF81E10-73A3-4DCE-B887-41ED8DC4CB70}.Debug|Any CPU.Build.0 = Debug|Any CPU
		{7FF81E10-73A3-4DCE-B887-41ED8DC4CB70}.Release|Any CPU.ActiveCfg = Release|Any CPU
		{7FF81E10-73A3-4DCE-B887-41ED8DC4CB70}.Release|Any CPU.Build.0 = Release|Any CPU
	EndGlobalSection
	GlobalSection(SolutionProperties) = preSolution
		HideSolutionNode = FALSE
	EndGlobalSection
	GlobalSection(ExtensibilityGlobals) = postSolution
		SolutionGuid = {DFEA971E-5679-4BD7-BBCE-23C2A257ED56}
	EndGlobalSection
	GlobalSection(TeamFoundationVersionControl) = preSolution
		SccNumberOfProjects = 2
		SccEnterpriseProvider = {4CA58AB2-18FA-4F8D-95D4-32DDF27D184C}
		SccTeamFoundationServer = https://dev.azure.com/masoodarif1313
		SccLocalPath0 = .
		SccProjectUniqueName1 = iSchool\\iSchool.csproj
		SccProjectName1 = iSchool
		SccLocalPath1 = iSchool
	EndGlobalSection
EndGlobal
